
Microsoft Visual Studio Solution File, Format Version 12.00
# Visual Studio Version 16
VisualStudioVersion = 16.0.30114.105
MinimumVisualStudioVersion = 10.0.40219.1
Project("{9A19103F-16F7-4668-BE54-9A1E7A4F7556}") = "ConsoleApp1", "ConsoleApp1\ConsoleApp1.csproj", "{17DED2DE-3049-4061-8994-C4D0C40ADB94}"
EndProject
Global
	GlobalSection(SolutionConfigurationPlatforms) = preSolution
		Debug|Any CPU = Debug|Any CPU
		Debug|x64 = Debug|x64
		Release|Any CPU = Release|Any CPU
		Release|x64 = Release|x64
	EndGlobalSection
	GlobalSection(ProjectConfigurationPlatforms) = postSolution
		{17DED2DE-3049-4061-8994-C4D0C40ADB94}.Debug|Any CPU.ActiveCfg = Debug|Any CPU
		{17DED2DE-3049-4061-8994-C4D0C40ADB94}.Debug|Any CPU.Build.0 = Debug|Any CPU
		{17DED2DE-3049-4061-8994-C4D0C40ADB94}.Debug|x64.ActiveCfg = Debug|x64
		{17DED2DE-3049-4061-8994-C4D0C40ADB94}.Debug|x64.Build.0 = Debug|x64
		{17DED2DE-3049-4061-8994-C4D0C40ADB94}.Release|Any CPU.ActiveCfg = Release|Any CPU
		{17DED2DE-3049-4061-8994-C4D0C40ADB94}.Release|Any CPU.Build.0 = Release|Any CPU
		{17DED2DE-3049-4061-8994-C4D0C40ADB94}.Release|x64.ActiveCfg = Release|x64
		{17DED2DE-3049-4061-8994-C4D0C40ADB94}.Release|x64.Build.0 = Release|x64
	EndGlobalSection
	GlobalSection(SolutionProperties) = preSolution
		HideSolutionNode = FALSE
	EndGlobalSection
	GlobalSection(ExtensibilityGlobals) = postSolution
		SolutionGuid = {92388641-2A54-48AC-99FD-826099F2BA91}
	EndGlobalSection
EndGlobal
